
Microsoft Visual Studio Solution File, Format Version 12.00
# Visual Studio Version 16
VisualStudioVersion = 16.0.30907.101
MinimumVisualStudioVersion = 10.0.40219.1
Project("{9A19103F-16F7-4668-BE54-9A1E7A4F7556}") = "EmployeeSalaryCalculationSystem.MVC", "EmployeeManagementFrontEnd\EmployeeSalaryCalculationSystem.MVC.csproj", "{633945D1-4A5C-48AA-99DD-604A25E669D5}"
EndProject
Project("{9A19103F-16F7-4668-BE54-9A1E7A4F7556}") = "EmployeeSalaryCalculationSystem.WEBAPI", "EmployeeManagement.WebAPI\EmployeeSalaryCalculationSystem.WEBAPI.csproj", "{49C5279A-70FA-41EA-9B53-4E49FA8FF06F}"
EndProject
Project("{9A19103F-16F7-4668-BE54-9A1E7A4F7556}") = "EmployeeSalaryCalculationSystem.INFRA", "EmployeeManagement.Infra\EmployeeSalaryCalculationSystem.INFRA.csproj", "{42364DE2-BB60-4836-A1AE-D1A3185D93F9}"
EndProject
Global
	GlobalSection(SolutionConfigurationPlatforms) = preSolution
		Debug|Any CPU = Debug|Any CPU
		Release|Any CPU = Release|Any CPU
	EndGlobalSection
	GlobalSection(ProjectConfigurationPlatforms) = postSolution
		{633945D1-4A5C-48AA-99DD-604A25E669D5}.Debug|Any CPU.ActiveCfg = Debug|Any CPU
		{633945D1-4A5C-48AA-99DD-604A25E669D5}.Debug|Any CPU.Build.0 = Debug|Any CPU
		{633945D1-4A5C-48AA-99DD-604A25E669D5}.Release|Any CPU.ActiveCfg = Release|Any CPU
		{633945D1-4A5C-48AA-99DD-604A25E669D5}.Release|Any CPU.Build.0 = Release|Any CPU
		{49C5279A-70FA-41EA-9B53-4E49FA8FF06F}.Debug|Any CPU.ActiveCfg = Debug|Any CPU
		{49C5279A-70FA-41EA-9B53-4E49FA8FF06F}.Debug|Any CPU.Build.0 = Debug|Any CPU
		{49C5279A-70FA-41EA-9B53-4E49FA8FF06F}.Release|Any CPU.ActiveCfg = Release|Any CPU
		{49C5279A-70FA-41EA-9B53-4E49FA8FF06F}.Release|Any CPU.Build.0 = Release|Any CPU
		{42364DE2-BB60-4836-A1AE-D1A3185D93F9}.Debug|Any CPU.ActiveCfg = Debug|Any CPU
		{42364DE2-BB60-4836-A1AE-D1A3185D93F9}.Debug|Any CPU.Build.0 = Debug|Any CPU
		{42364DE2-BB60-4836-A1AE-D1A3185D93F9}.Release|Any CPU.ActiveCfg = Release|Any CPU
		{42364DE2-BB60-4836-A1AE-D1A3185D93F9}.Release|Any CPU.Build.0 = Release|Any CPU
	EndGlobalSection
	GlobalSection(SolutionProperties) = preSolution
		HideSolutionNode = FALSE
	EndGlobalSection
	GlobalSection(ExtensibilityGlobals) = postSolution
		SolutionGuid = {127F7B97-1585-4C19-A5C5-31E15436DE28}
	EndGlobalSection
EndGlobal
